
Microsoft Visual Studio Solution File, Format Version 12.00
# Visual Studio Version 17
VisualStudioVersion = 17.7.34024.191
MinimumVisualStudioVersion = 10.0.40219.1
Project("{8BC9CEB8-8B4A-11D0-8D11-00A0C91BC942}") = "tick_tack_too", "tick_tack_too\tick_tack_too.vcxproj", "{28988EF5-3FB0-4C05-B42A-C221C57CBB86}"
EndProject
Global
	GlobalSection(SolutionConfigurationPlatforms) = preSolution
		Debug|x64 = Debug|x64
		Debug|x86 = Debug|x86
		Release|x64 = Release|x64
		Release|x86 = Release|x86
	EndGlobalSection
	GlobalSection(ProjectConfigurationPlatforms) = postSolution
		{28988EF5-3FB0-4C05-B42A-C221C57CBB86}.Debug|x64.ActiveCfg = Debug|x64
		{28988EF5-3FB0-4C05-B42A-C221C57CBB86}.Debug|x64.Build.0 = Debug|x64
		{28988EF5-3FB0-4C05-B42A-C221C57CBB86}.Debug|x86.ActiveCfg = Debug|Win32
		{28988EF5-3FB0-4C05-B42A-C221C57CBB86}.Debug|x86.Build.0 = Debug|Win32
		{28988EF5-3FB0-4C05-B42A-C221C57CBB86}.Release|x64.ActiveCfg = Release|x64
		{28988EF5-3FB0-4C05-B42A-C221C57CBB86}.Release|x64.Build.0 = Release|x64
		{28988EF5-3FB0-4C05-B42A-C221C57CBB86}.Release|x86.ActiveCfg = Release|Win32
		{28988EF5-3FB0-4C05-B42A-C221C57CBB86}.Release|x86.Build.0 = Release|Win32
	EndGlobalSection
	GlobalSection(SolutionProperties) = preSolution
		HideSolutionNode = FALSE
	EndGlobalSection
	GlobalSection(ExtensibilityGlobals) = postSolution
		SolutionGuid = {DFBF1731-7408-4CDB-9EA7-459140C1B7F2}
	EndGlobalSection
EndGlobal
